
Microsoft Visual Studio Solution File, Format Version 12.00
# Visual Studio Version 17
VisualStudioVersion = 17.13.35806.99 d17.13
MinimumVisualStudioVersion = 10.0.40219.1
Project("{F2A71F9B-5D33-465A-A702-920D77279786}") = "cs510-project3-webapp", "cs510-project3-webapp.fsproj", "{3181DDE0-00CB-4540-8CFC-F26169EF5D2E}"
EndProject
Global
	GlobalSection(SolutionConfigurationPlatforms) = preSolution
		Debug|Any CPU = Debug|Any CPU
		Release|Any CPU = Release|Any CPU
	EndGlobalSection
	GlobalSection(ProjectConfigurationPlatforms) = postSolution
		{3181DDE0-00CB-4540-8CFC-F26169EF5D2E}.Debug|Any CPU.ActiveCfg = Debug|Any CPU
		{3181DDE0-00CB-4540-8CFC-F26169EF5D2E}.Debug|Any CPU.Build.0 = Debug|Any CPU
		{3181DDE0-00CB-4540-8CFC-F26169EF5D2E}.Release|Any CPU.ActiveCfg = Release|Any CPU
		{3181DDE0-00CB-4540-8CFC-F26169EF5D2E}.Release|Any CPU.Build.0 = Release|Any CPU
	EndGlobalSection
	GlobalSection(SolutionProperties) = preSolution
		HideSolutionNode = FALSE
	EndGlobalSection
	GlobalSection(ExtensibilityGlobals) = postSolution
		SolutionGuid = {68EBB4CC-84DC-4E3E-B251-A73D51A9CA2B}
	EndGlobalSection
EndGlobal
